
Microsoft Visual Studio Solution File, Format Version 12.00
# Visual Studio Version 17
VisualStudioVersion = 17.7.34009.444
MinimumVisualStudioVersion = 10.0.40219.1
Project("{FAE04EC0-301F-11D3-BF4B-00C04F79EFBC}") = "MidaSoftBasic", "MidaSoftBasic\MidaSoftBasic.csproj", "{BF9C6801-09C6-47BE-A35D-FE38B8E90E89}"
EndProject
Project("{FAE04EC0-301F-11D3-BF4B-00C04F79EFBC}") = "DataBase", "DataBase\DataBase.csproj", "{C3FEA1D6-EBCC-4B60-8F65-827E2042AEAF}"
EndProject
Project("{FAE04EC0-301F-11D3-BF4B-00C04F79EFBC}") = "BAL", "BAL\BAL.csproj", "{9C74A6CA-80CB-4F20-8925-022CE7B9BE1E}"
EndProject
Global
	GlobalSection(SolutionConfigurationPlatforms) = preSolution
		Debug|Any CPU = Debug|Any CPU
		Release|Any CPU = Release|Any CPU
	EndGlobalSection
	GlobalSection(ProjectConfigurationPlatforms) = postSolution
		{BF9C6801-09C6-47BE-A35D-FE38B8E90E89}.Debug|Any CPU.ActiveCfg = Debug|Any CPU
		{BF9C6801-09C6-47BE-A35D-FE38B8E90E89}.Debug|Any CPU.Build.0 = Debug|Any CPU
		{BF9C6801-09C6-47BE-A35D-FE38B8E90E89}.Release|Any CPU.ActiveCfg = Release|Any CPU
		{BF9C6801-09C6-47BE-A35D-FE38B8E90E89}.Release|Any CPU.Build.0 = Release|Any CPU
		{C3FEA1D6-EBCC-4B60-8F65-827E2042AEAF}.Debug|Any CPU.ActiveCfg = Debug|Any CPU
		{C3FEA1D6-EBCC-4B60-8F65-827E2042AEAF}.Debug|Any CPU.Build.0 = Debug|Any CPU
		{C3FEA1D6-EBCC-4B60-8F65-827E2042AEAF}.Release|Any CPU.ActiveCfg = Release|Any CPU
		{C3FEA1D6-EBCC-4B60-8F65-827E2042AEAF}.Release|Any CPU.Build.0 = Release|Any CPU
		{9C74A6CA-80CB-4F20-8925-022CE7B9BE1E}.Debug|Any CPU.ActiveCfg = Debug|Any CPU
		{9C74A6CA-80CB-4F20-8925-022CE7B9BE1E}.Debug|Any CPU.Build.0 = Debug|Any CPU
		{9C74A6CA-80CB-4F20-8925-022CE7B9BE1E}.Release|Any CPU.ActiveCfg = Release|Any CPU
		{9C74A6CA-80CB-4F20-8925-022CE7B9BE1E}.Release|Any CPU.Build.0 = Release|Any CPU
	EndGlobalSection
	GlobalSection(SolutionProperties) = preSolution
		HideSolutionNode = FALSE
	EndGlobalSection
	GlobalSection(ExtensibilityGlobals) = postSolution
		SolutionGuid = {C53351E9-FBE6-4B87-AB37-4CEAA85991F3}
	EndGlobalSection
EndGlobal
